
Microsoft Visual Studio Solution File, Format Version 12.00
# Visual Studio Version 17
VisualStudioVersion = 17.8.34330.188
MinimumVisualStudioVersion = 10.0.40219.1
Project("{9A19103F-16F7-4668-BE54-9A1E7A4F7556}") = "Ecom.Server", "Ecom\Server\Ecom.Server.csproj", "{ED694CF6-FAAB-47BB-B625-F3FF421FC659}"
EndProject
Project("{9A19103F-16F7-4668-BE54-9A1E7A4F7556}") = "Ecom.Client", "Ecom\Client\Ecom.Client.csproj", "{C3269BC3-1337-4DB7-8A6D-999DE06144D5}"
EndProject
Project("{9A19103F-16F7-4668-BE54-9A1E7A4F7556}") = "Ecom.Shared", "Ecom\Shared\Ecom.Shared.csproj", "{CC521EFF-F4CB-4471-BC01-5A062B2B09DC}"
EndProject
Global
	GlobalSection(SolutionConfigurationPlatforms) = preSolution
		Debug|Any CPU = Debug|Any CPU
		Release|Any CPU = Release|Any CPU
	EndGlobalSection
	GlobalSection(ProjectConfigurationPlatforms) = postSolution
		{ED694CF6-FAAB-47BB-B625-F3FF421FC659}.Debug|Any CPU.ActiveCfg = Debug|Any CPU
		{ED694CF6-FAAB-47BB-B625-F3FF421FC659}.Debug|Any CPU.Build.0 = Debug|Any CPU
		{ED694CF6-FAAB-47BB-B625-F3FF421FC659}.Release|Any CPU.ActiveCfg = Release|Any CPU
		{ED694CF6-FAAB-47BB-B625-F3FF421FC659}.Release|Any CPU.Build.0 = Release|Any CPU
		{C3269BC3-1337-4DB7-8A6D-999DE06144D5}.Debug|Any CPU.ActiveCfg = Debug|Any CPU
		{C3269BC3-1337-4DB7-8A6D-999DE06144D5}.Debug|Any CPU.Build.0 = Debug|Any CPU
		{C3269BC3-1337-4DB7-8A6D-999DE06144D5}.Release|Any CPU.ActiveCfg = Release|Any CPU
		{C3269BC3-1337-4DB7-8A6D-999DE06144D5}.Release|Any CPU.Build.0 = Release|Any CPU
		{CC521EFF-F4CB-4471-BC01-5A062B2B09DC}.Debug|Any CPU.ActiveCfg = Debug|Any CPU
		{CC521EFF-F4CB-4471-BC01-5A062B2B09DC}.Debug|Any CPU.Build.0 = Debug|Any CPU
		{CC521EFF-F4CB-4471-BC01-5A062B2B09DC}.Release|Any CPU.ActiveCfg = Release|Any CPU
		{CC521EFF-F4CB-4471-BC01-5A062B2B09DC}.Release|Any CPU.Build.0 = Release|Any CPU
	EndGlobalSection
	GlobalSection(SolutionProperties) = preSolution
		HideSolutionNode = FALSE
	EndGlobalSection
	GlobalSection(ExtensibilityGlobals) = postSolution
		SolutionGuid = {6B0F5D18-43A6-4940-A815-C8F7FF49093F}
	EndGlobalSection
EndGlobal
